
Microsoft Visual Studio Solution File, Format Version 12.00
# Visual Studio Version 17
VisualStudioVersion = 17.1.32210.238
MinimumVisualStudioVersion = 10.0.40219.1
Project("{FAE04EC0-301F-11D3-BF4B-00C04F79EFBC}") = "Product of Array Except Self_238", "Product of Array Except Self_238\Product of Array Except Self_238.csproj", "{C0F5F006-66F6-43D8-A9F9-87A7E98FF038}"
EndProject
Project("{FAE04EC0-301F-11D3-BF4B-00C04F79EFBC}") = "Maximum Subarray_53", "Maximum Subarray_53\Maximum Subarray_53.csproj", "{559B22C4-6350-44A3-A045-084694DD3E70}"
EndProject
Project("{FAE04EC0-301F-11D3-BF4B-00C04F79EFBC}") = "Number of 1 Bits_191", "Number of 1 Bits_191\Number of 1 Bits_191.csproj", "{7BB01595-6403-45D4-89D9-5A93E24E8670}"
EndProject
Global
	GlobalSection(SolutionConfigurationPlatforms) = preSolution
		Debug|Any CPU = Debug|Any CPU
		Release|Any CPU = Release|Any CPU
	EndGlobalSection
	GlobalSection(ProjectConfigurationPlatforms) = postSolution
		{C0F5F006-66F6-43D8-A9F9-87A7E98FF038}.Debug|Any CPU.ActiveCfg = Debug|Any CPU
		{C0F5F006-66F6-43D8-A9F9-87A7E98FF038}.Debug|Any CPU.Build.0 = Debug|Any CPU
		{C0F5F006-66F6-43D8-A9F9-87A7E98FF038}.Release|Any CPU.ActiveCfg = Release|Any CPU
		{C0F5F006-66F6-43D8-A9F9-87A7E98FF038}.Release|Any CPU.Build.0 = Release|Any CPU
		{559B22C4-6350-44A3-A045-084694DD3E70}.Debug|Any CPU.ActiveCfg = Debug|Any CPU
		{559B22C4-6350-44A3-A045-084694DD3E70}.Debug|Any CPU.Build.0 = Debug|Any CPU
		{559B22C4-6350-44A3-A045-084694DD3E70}.Release|Any CPU.ActiveCfg = Release|Any CPU
		{559B22C4-6350-44A3-A045-084694DD3E70}.Release|Any CPU.Build.0 = Release|Any CPU
		{7BB01595-6403-45D4-89D9-5A93E24E8670}.Debug|Any CPU.ActiveCfg = Debug|Any CPU
		{7BB01595-6403-45D4-89D9-5A93E24E8670}.Debug|Any CPU.Build.0 = Debug|Any CPU
		{7BB01595-6403-45D4-89D9-5A93E24E8670}.Release|Any CPU.ActiveCfg = Release|Any CPU
		{7BB01595-6403-45D4-89D9-5A93E24E8670}.Release|Any CPU.Build.0 = Release|Any CPU
	EndGlobalSection
	GlobalSection(SolutionProperties) = preSolution
		HideSolutionNode = FALSE
	EndGlobalSection
	GlobalSection(ExtensibilityGlobals) = postSolution
		SolutionGuid = {AC089DA9-957A-45C3-A498-F5B049859C7E}
	EndGlobalSection
EndGlobal
